
Microsoft Visual Studio Solution File, Format Version 12.00
# Visual Studio Version 17
VisualStudioVersion = 17.2.32516.85
MinimumVisualStudioVersion = 10.0.40219.1
Project("{FAE04EC0-301F-11D3-BF4B-00C04F79EFBC}") = "Entidades", "Entidades\Entidades.csproj", "{4E114AA0-CD17-4F82-A567-0BD37DCDC4C9}"
EndProject
Project("{FAE04EC0-301F-11D3-BF4B-00C04F79EFBC}") = "WindowsAppClinica", "WindowsAppClinica\WindowsAppClinica.csproj", "{B15C1942-86F4-426A-983D-93AE75E6DD10}"
EndProject
Project("{FAE04EC0-301F-11D3-BF4B-00C04F79EFBC}") = "LibSeguridad", "LibSeguridad\LibSeguridad.csproj", "{8D856D63-3619-472E-8F01-6CF4A30771E6}"
EndProject
Project("{FAE04EC0-301F-11D3-BF4B-00C04F79EFBC}") = "WindowsApp", "WindowsApp\WindowsApp.csproj", "{C17604EE-0FAB-4A71-84CD-685B70076AB8}"
EndProject
Global
	GlobalSection(SolutionConfigurationPlatforms) = preSolution
		Debug|Any CPU = Debug|Any CPU
		Release|Any CPU = Release|Any CPU
	EndGlobalSection
	GlobalSection(ProjectConfigurationPlatforms) = postSolution
		{4E114AA0-CD17-4F82-A567-0BD37DCDC4C9}.Debug|Any CPU.ActiveCfg = Debug|Any CPU
		{4E114AA0-CD17-4F82-A567-0BD37DCDC4C9}.Debug|Any CPU.Build.0 = Debug|Any CPU
		{4E114AA0-CD17-4F82-A567-0BD37DCDC4C9}.Release|Any CPU.ActiveCfg = Release|Any CPU
		{4E114AA0-CD17-4F82-A567-0BD37DCDC4C9}.Release|Any CPU.Build.0 = Release|Any CPU
		{B15C1942-86F4-426A-983D-93AE75E6DD10}.Debug|Any CPU.ActiveCfg = Debug|Any CPU
		{B15C1942-86F4-426A-983D-93AE75E6DD10}.Debug|Any CPU.Build.0 = Debug|Any CPU
		{B15C1942-86F4-426A-983D-93AE75E6DD10}.Release|Any CPU.ActiveCfg = Release|Any CPU
		{B15C1942-86F4-426A-983D-93AE75E6DD10}.Release|Any CPU.Build.0 = Release|Any CPU
		{8D856D63-3619-472E-8F01-6CF4A30771E6}.Debug|Any CPU.ActiveCfg = Debug|Any CPU
		{8D856D63-3619-472E-8F01-6CF4A30771E6}.Debug|Any CPU.Build.0 = Debug|Any CPU
		{8D856D63-3619-472E-8F01-6CF4A30771E6}.Release|Any CPU.ActiveCfg = Release|Any CPU
		{8D856D63-3619-472E-8F01-6CF4A30771E6}.Release|Any CPU.Build.0 = Release|Any CPU
		{C17604EE-0FAB-4A71-84CD-685B70076AB8}.Debug|Any CPU.ActiveCfg = Debug|Any CPU
		{C17604EE-0FAB-4A71-84CD-685B70076AB8}.Debug|Any CPU.Build.0 = Debug|Any CPU
		{C17604EE-0FAB-4A71-84CD-685B70076AB8}.Release|Any CPU.ActiveCfg = Release|Any CPU
		{C17604EE-0FAB-4A71-84CD-685B70076AB8}.Release|Any CPU.Build.0 = Release|Any CPU
	EndGlobalSection
	GlobalSection(SolutionProperties) = preSolution
		HideSolutionNode = FALSE
	EndGlobalSection
	GlobalSection(ExtensibilityGlobals) = postSolution
		SolutionGuid = {9C07A5CA-2776-4013-96D9-B7503D6D0579}
	EndGlobalSection
EndGlobal
